
Microsoft Visual Studio Solution File, Format Version 12.00
# Visual Studio Version 17
VisualStudioVersion = 17.0.31903.59
MinimumVisualStudioVersion = 10.0.40219.1
Project("{F2A71F9B-5D33-465A-A702-920D77279786}") = "Poncho.Domain", "Poncho.Domain\Poncho.Domain.fsproj", "{52BFB906-19C6-4C42-9B93-937A84103778}"
EndProject
Global
	GlobalSection(SolutionConfigurationPlatforms) = preSolution
		Debug|Any CPU = Debug|Any CPU
		Release|Any CPU = Release|Any CPU
	EndGlobalSection
	GlobalSection(SolutionProperties) = preSolution
		HideSolutionNode = FALSE
	EndGlobalSection
	GlobalSection(ProjectConfigurationPlatforms) = postSolution
		{52BFB906-19C6-4C42-9B93-937A84103778}.Debug|Any CPU.ActiveCfg = Debug|Any CPU
		{52BFB906-19C6-4C42-9B93-937A84103778}.Debug|Any CPU.Build.0 = Debug|Any CPU
		{52BFB906-19C6-4C42-9B93-937A84103778}.Release|Any CPU.ActiveCfg = Release|Any CPU
		{52BFB906-19C6-4C42-9B93-937A84103778}.Release|Any CPU.Build.0 = Release|Any CPU
	EndGlobalSection
EndGlobal
